
Microsoft Visual Studio Solution File, Format Version 12.00
# Visual Studio Version 17
VisualStudioVersion = 17.3.32804.467
MinimumVisualStudioVersion = 10.0.40219.1
Project("{FAE04EC0-301F-11D3-BF4B-00C04F79EFBC}") = "Study", "Study.csproj", "{2C41EDFC-AC5F-4299-B916-7D72AD5B4699}"
EndProject
Global
	GlobalSection(SolutionConfigurationPlatforms) = preSolution
		Debug|Any CPU = Debug|Any CPU
		Release|Any CPU = Release|Any CPU
	EndGlobalSection
	GlobalSection(ProjectConfigurationPlatforms) = postSolution
		{2C41EDFC-AC5F-4299-B916-7D72AD5B4699}.Debug|Any CPU.ActiveCfg = Debug|Any CPU
		{2C41EDFC-AC5F-4299-B916-7D72AD5B4699}.Debug|Any CPU.Build.0 = Debug|Any CPU
		{2C41EDFC-AC5F-4299-B916-7D72AD5B4699}.Release|Any CPU.ActiveCfg = Release|Any CPU
		{2C41EDFC-AC5F-4299-B916-7D72AD5B4699}.Release|Any CPU.Build.0 = Release|Any CPU
	EndGlobalSection
	GlobalSection(SolutionProperties) = preSolution
		HideSolutionNode = FALSE
	EndGlobalSection
	GlobalSection(ExtensibilityGlobals) = postSolution
		SolutionGuid = {1E030C34-A86E-4DB0-84AD-E2556E479846}
	EndGlobalSection
EndGlobal
